github.com/confluentinc/confluent-kafka-go v1.7.0 h1:tXh3LWb2Ne0WiU3ng4h5qiGA9XV61rz46w60O+cq8bM=
github.com/confluentinc/confluent-kafka-go v1.7.0/go.mod h1:u2zNLny2xq+5rWeTQjFHbDzzNuba4P1vo31r9r4uAdg=
github.com/satori/go.uuid v1.2.0 h1:0uYX9dsZ2yD7q2RtLRtPSdGDWzjeM3TbMJP9utgA0ww=
github.com/satori/go.uuid v1.2.0/go.mod h1:dA0hQrYB0VpLJoorglMZABFdXlWrHn1NEOzdhQKdks0=
